
Microsoft Visual Studio Solution File, Format Version 12.00
# Visual Studio Version 16
VisualStudioVersion = 16.0.30503.244
MinimumVisualStudioVersion = 10.0.40219.1
Project("{8BC9CEB8-8B4A-11D0-8D11-00A0C91BC942}") = "HelloGit", "HelloGit\HelloGit.vcxproj", "{7F9B7380-20E9-40AA-BFC3-D09F6D278C5B}"
EndProject
Global
	GlobalSection(SolutionConfigurationPlatforms) = preSolution
		Debug|x64 = Debug|x64
		Debug|x86 = Debug|x86
		Release|x64 = Release|x64
		Release|x86 = Release|x86
	EndGlobalSection
	GlobalSection(ProjectConfigurationPlatforms) = postSolution
		{7F9B7380-20E9-40AA-BFC3-D09F6D278C5B}.Debug|x64.ActiveCfg = Debug|x64
		{7F9B7380-20E9-40AA-BFC3-D09F6D278C5B}.Debug|x64.Build.0 = Debug|x64
		{7F9B7380-20E9-40AA-BFC3-D09F6D278C5B}.Debug|x86.ActiveCfg = Debug|Win32
		{7F9B7380-20E9-40AA-BFC3-D09F6D278C5B}.Debug|x86.Build.0 = Debug|Win32
		{7F9B7380-20E9-40AA-BFC3-D09F6D278C5B}.Release|x64.ActiveCfg = Release|x64
		{7F9B7380-20E9-40AA-BFC3-D09F6D278C5B}.Release|x64.Build.0 = Release|x64
		{7F9B7380-20E9-40AA-BFC3-D09F6D278C5B}.Release|x86.ActiveCfg = Release|Win32
		{7F9B7380-20E9-40AA-BFC3-D09F6D278C5B}.Release|x86.Build.0 = Release|Win32
	EndGlobalSection
	GlobalSection(SolutionProperties) = preSolution
		HideSolutionNode = FALSE
	EndGlobalSection
	GlobalSection(ExtensibilityGlobals) = postSolution
		SolutionGuid = {0BD6B352-697D-45E9-8F4A-79A096DF407D}
	EndGlobalSection
EndGlobal
