
Microsoft Visual Studio Solution File, Format Version 12.00
# Visual Studio Version 16
VisualStudioVersion = 16.0.30503.244
MinimumVisualStudioVersion = 10.0.40219.1
Project("{8BC9CEB8-8B4A-11D0-8D11-00A0C91BC942}") = "Pair programming", "Pair programming\Pair programming.vcxproj", "{231576B5-5DD1-486B-B92A-2EB1FC469E10}"
EndProject
Global
	GlobalSection(SolutionConfigurationPlatforms) = preSolution
		Debug|x64 = Debug|x64
		Debug|x86 = Debug|x86
		Release|x64 = Release|x64
		Release|x86 = Release|x86
	EndGlobalSection
	GlobalSection(ProjectConfigurationPlatforms) = postSolution
		{231576B5-5DD1-486B-B92A-2EB1FC469E10}.Debug|x64.ActiveCfg = Debug|x64
		{231576B5-5DD1-486B-B92A-2EB1FC469E10}.Debug|x64.Build.0 = Debug|x64
		{231576B5-5DD1-486B-B92A-2EB1FC469E10}.Debug|x86.ActiveCfg = Debug|Win32
		{231576B5-5DD1-486B-B92A-2EB1FC469E10}.Debug|x86.Build.0 = Debug|Win32
		{231576B5-5DD1-486B-B92A-2EB1FC469E10}.Release|x64.ActiveCfg = Release|x64
		{231576B5-5DD1-486B-B92A-2EB1FC469E10}.Release|x64.Build.0 = Release|x64
		{231576B5-5DD1-486B-B92A-2EB1FC469E10}.Release|x86.ActiveCfg = Release|Win32
		{231576B5-5DD1-486B-B92A-2EB1FC469E10}.Release|x86.Build.0 = Release|Win32
	EndGlobalSection
	GlobalSection(SolutionProperties) = preSolution
		HideSolutionNode = FALSE
	EndGlobalSection
	GlobalSection(ExtensibilityGlobals) = postSolution
		SolutionGuid = {A032A413-A945-4E36-A227-C79A05E3FB2A}
	EndGlobalSection
EndGlobal
